// !$*UTF8*$!
{
	archiveVersion = 1;
	classes = {
	};
	objectVersion = 56;
	objects = {

/* Begin PBXFileSystemSynchronizedRootGroup section */
		A1000000000000000000010 /* TalkApp */ = {
			isa = PBXFileSystemSynchronizedRootGroup;
			path = TalkApp;
			sourceTree = "<group>";
		};
/* End PBXFileSystemSynchronizedRootGroup section */

/* Begin PBXFileReference section */
		A1000000000000000000006 /* TalkApp.app */ = {isa = PBXFileReference; explicitFileType = wrapper.application; includeInIndex = 0; path = TalkApp.app; sourceTree = BUILT_PRODUCTS_DIR; };
/* End PBXFileReference section */

/* Begin PBXFrameworksBuildPhase section */
		A1000000000000000000004 /* Frameworks */ = {
			isa = PBXFrameworksBuildPhase;
			buildActionMask = 2147483647;
			files = (
			);
			runOnlyForDeploymentPostprocessing = 0;
		};
/* End PBXFrameworksBuildPhase section */

/* Begin PBXGroup section */
		A1000000000000000000011 = {
			isa = PBXGroup;
			children = (
				A1000000000000000000010 /* TalkApp */,
				A1000000000000000000012 /* Products */,
			);
			sourceTree = "<group>";
		};
		A1000000000000000000012 /* Products */ = {
			isa = PBXGroup;
			children = (
				A1000000000000000000006 /* TalkApp.app */,
			);
			name = Products;
			sourceTree = "<group>";
		};
/* End PBXGroup section */

/* Begin PBXNativeTarget section */
		A1000000000000000000002 /* TalkApp */ = {
			isa = PBXNativeTarget;
			buildConfigurationList = A1000000000000000000018 /* Build configuration list for PBXNativeTarget "TalkApp" */;
			buildPhases = (
				A1000000000000000000003 /* Sources */,
				A1000000000000000000004 /* Frameworks */,
				A1000000000000000000005 /* Resources */,
			);
			buildRules = (
			);
			dependencies = (
			);
			fileSystemSynchronizedGroups = (
				A1000000000000000000010 /* TalkApp */,
			);
			name = TalkApp;
			packageProductDependencies = (
				A1000000000000000000022 /* PttWire */,
				A1000000000000000000023 /* PttTalkLib */,
			);
			productName = TalkApp;
			productReference = A1000000000000000000006 /* TalkApp.app */;
			productType = "com.apple.product-type.application";
		};
/* End PBXNativeTarget section */

/* Begin PBXProject section */
		A1000000000000000000001 /* Project object */ = {
			isa = PBXProject;
			attributes = {
				BuildIndependentTargetsInParallel = 1;
				LastSwiftUpdateCheck = 1600;
				LastUpgradeCheck = 1600;
			};
			buildConfigurationList = A1000000000000000000017 /* Build configuration list for PBXProject "TalkApp" */;
			compatibilityVersion = "Xcode 14.0";
			developmentRegion = en;
			hasScannedForEncodings = 0;
			knownRegions = (
				en,
				Base,
			);
			mainGroup = A1000000000000000000011;
			packageReferences = (
				A1000000000000000000019 /* XCLocalSwiftPackageReference "../PttWire" */,
				A1000000000000000000020 /* XCLocalSwiftPackageReference "../PttTalk" */,
			);
			productRefGroup = A1000000000000000000012 /* Products */;
			projectDirPath = "";
			projectRoot = "";
			targets = (
				A1000000000000000000002 /* TalkApp */,
			);
		};
/* End PBXProject section */

/* Begin PBXResourcesBuildPhase section */
		A1000000000000000000005 /* Resources */ = {
			isa = PBXResourcesBuildPhase;
			buildActionMask = 2147483647;
			files = (
			);
			runOnlyForDeploymentPostprocessing = 0;
		};
/* End PBXResourcesBuildPhase section */

/* Begin PBXSourcesBuildPhase section */
		A1000000000000000000003 /* Sources */ = {
			isa = PBXSourcesBuildPhase;
			buildActionMask = 2147483647;
			files = (
			);
			runOnlyForDeploymentPostprocessing = 0;
		};
/* End PBXSourcesBuildPhase section */

/* Begin XCBuildConfiguration section */
		A1000000000000000000013 /* Debug */ = {
			isa = XCBuildConfiguration;
			buildSettings = {
				ALWAYS_SEARCH_USER_PATHS = NO;
				CLANG_ENABLE_MODULES = YES;
				COPY_PHASE_STRIP = NO;
				DEBUG_INFORMATION_FORMAT = dwarf;
				ENABLE_TESTABILITY = YES;
				ENABLE_USER_SCRIPT_SANDBOXING = NO;
				IPHONEOS_DEPLOYMENT_TARGET = 16.0;
				ONLY_ACTIVE_ARCH = YES;
				SDKROOT = iphoneos;
				SWIFT_ACTIVE_COMPILATION_CONDITIONS = DEBUG;
				SWIFT_OPTIMIZATION_LEVEL = "-Onone";
			};
			name = Debug;
		};
		A1000000000000000000014 /* Release */ = {
			isa = XCBuildConfiguration;
			buildSettings = {
				ALWAYS_SEARCH_USER_PATHS = NO;
				CLANG_ENABLE_MODULES = YES;
				COPY_PHASE_STRIP = YES;
				DEBUG_INFORMATION_FORMAT = "dwarf-with-dsym";
				ENABLE_USER_SCRIPT_SANDBOXING = NO;
				IPHONEOS_DEPLOYMENT_TARGET = 16.0;
				SDKROOT = iphoneos;
				SWIFT_COMPILATION_MODE = wholemodule;
			};
			name = Release;
		};
		A1000000000000000000015 /* Debug */ = {
			isa = XCBuildConfiguration;
			buildSettings = {
				ARCHS = arm64;
				ASSETCATALOG_COMPILER_APPICON_NAME = AppIcon;
				CODE_SIGN_ENTITLEMENTS = TalkApp/TalkApp.entitlements;
				CODE_SIGN_STYLE = Automatic;
				CURRENT_PROJECT_VERSION = 14;
				DEVELOPMENT_TEAM = M2M4752Z6K;
				GENERATE_INFOPLIST_FILE = NO;
				INFOPLIST_FILE = Info.plist;
				INFOPLIST_KEY_CFBundleDisplayName = "PTT Talk";
				LD_RUNPATH_SEARCH_PATHS = "$(inherited) @executable_path/Frameworks";
				"LIBRARY_SEARCH_PATHS[sdk=iphoneos*]" = (
					"$(inherited)",
					"$(HOME)/src/libsignal/target/aarch64-apple-ios/release",
					"$(PROJECT_DIR)/../../native/target/aarch64-apple-ios/release",
				);
				"LIBRARY_SEARCH_PATHS[sdk=iphonesimulator*]" = (
					"$(inherited)",
					"$(HOME)/src/libsignal/target/aarch64-apple-ios-sim/debug",
					"$(PROJECT_DIR)/../../native/target/aarch64-apple-ios-sim/release",
				);
				MARKETING_VERSION = 0.1.11;
				"OTHER_LDFLAGS[sdk=iphoneos*]" = (
					"-lsignal_ffi",
					"-lptt_apple_ffi",
					"-lresolv",
					"-lc++",
					"-lcompression",
				);
				"OTHER_LDFLAGS[sdk=iphonesimulator*]" = (
					"-lsignal_ffi",
					"-lptt_apple_ffi",
					"-lresolv",
					"-lc++",
					"-lcompression",
				);
				PRODUCT_BUNDLE_IDENTIFIER = app.ptt.talk;
				PRODUCT_NAME = "$(TARGET_NAME)";
				SDKROOT = iphoneos;
				SUPPORTED_PLATFORMS = "iphoneos iphonesimulator";
				SUPPORTS_MACCATALYST = NO;
				SWIFT_EMIT_LOC_STRINGS = YES;
				SWIFT_VERSION = 5.0;
				TARGETED_DEVICE_FAMILY = "1,2";
			};
			name = Debug;
		};
		A1000000000000000000016 /* Release */ = {
			isa = XCBuildConfiguration;
			buildSettings = {
				ARCHS = arm64;
				ASSETCATALOG_COMPILER_APPICON_NAME = AppIcon;
				CODE_SIGN_ENTITLEMENTS = TalkApp/TalkApp.entitlements;
				CODE_SIGN_STYLE = Automatic;
				CURRENT_PROJECT_VERSION = 14;
				DEVELOPMENT_TEAM = M2M4752Z6K;
				GENERATE_INFOPLIST_FILE = NO;
				INFOPLIST_FILE = Info.plist;
				INFOPLIST_KEY_CFBundleDisplayName = "PTT Talk";
				LD_RUNPATH_SEARCH_PATHS = "$(inherited) @executable_path/Frameworks";
				"LIBRARY_SEARCH_PATHS[sdk=iphoneos*]" = (
					"$(inherited)",
					"$(HOME)/src/libsignal/target/aarch64-apple-ios/release",
					"$(PROJECT_DIR)/../../native/target/aarch64-apple-ios/release",
				);
				"LIBRARY_SEARCH_PATHS[sdk=iphonesimulator*]" = (
					"$(inherited)",
					"$(HOME)/src/libsignal/target/aarch64-apple-ios-sim/debug",
					"$(PROJECT_DIR)/../../native/target/aarch64-apple-ios-sim/release",
				);
				MARKETING_VERSION = 0.1.11;
				"OTHER_LDFLAGS[sdk=iphoneos*]" = (
					"-lsignal_ffi",
					"-lptt_apple_ffi",
					"-lresolv",
					"-lc++",
					"-lcompression",
				);
				"OTHER_LDFLAGS[sdk=iphonesimulator*]" = (
					"-lsignal_ffi",
					"-lptt_apple_ffi",
					"-lresolv",
					"-lc++",
					"-lcompression",
				);
				PRODUCT_BUNDLE_IDENTIFIER = app.ptt.talk;
				PRODUCT_NAME = "$(TARGET_NAME)";
				SDKROOT = iphoneos;
				SUPPORTED_PLATFORMS = "iphoneos iphonesimulator";
				SUPPORTS_MACCATALYST = NO;
				SWIFT_VERSION = 5.0;
				TARGETED_DEVICE_FAMILY = "1,2";
			};
			name = Release;
		};
/* End XCBuildConfiguration section */

/* Begin XCConfigurationList section */
		A1000000000000000000017 /* Build configuration list for PBXProject "TalkApp" */ = {
			isa = XCConfigurationList;
			buildConfigurations = (
				A1000000000000000000013 /* Debug */,
				A1000000000000000000014 /* Release */,
			);
			defaultConfigurationIsVisible = 0;
			defaultConfigurationName = Debug;
		};
		A1000000000000000000018 /* Build configuration list for PBXNativeTarget "TalkApp" */ = {
			isa = XCConfigurationList;
			buildConfigurations = (
				A1000000000000000000015 /* Debug */,
				A1000000000000000000016 /* Release */,
			);
			defaultConfigurationIsVisible = 0;
			defaultConfigurationName = Debug;
		};
/* End XCConfigurationList section */

/* Begin XCLocalSwiftPackageReference section */
		A1000000000000000000019 /* XCLocalSwiftPackageReference "../PttWire" */ = {
			isa = XCLocalSwiftPackageReference;
			relativePath = ../PttWire;
		};
		A1000000000000000000020 /* XCLocalSwiftPackageReference "../PttTalk" */ = {
			isa = XCLocalSwiftPackageReference;
			relativePath = ../PttTalk;
		};
/* End XCLocalSwiftPackageReference section */

/* Begin XCSwiftPackageProductDependency section */
		A1000000000000000000022 /* PttWire */ = {
			isa = XCSwiftPackageProductDependency;
			package = A1000000000000000000019 /* XCLocalSwiftPackageReference "../PttWire" */;
			productName = PttWire;
		};
		A1000000000000000000023 /* PttTalkLib */ = {
			isa = XCSwiftPackageProductDependency;
			package = A1000000000000000000020 /* XCLocalSwiftPackageReference "../PttTalk" */;
			productName = PttTalkLib;
		};
/* End XCSwiftPackageProductDependency section */
	};
	rootObject = A1000000000000000000001 /* Project object */;
}
